
Microsoft Visual Studio Solution File, Format Version 12.00
# Visual Studio Version 17
VisualStudioVersion = 17.6.33417.168
MinimumVisualStudioVersion = 10.0.40219.1
Project("{9A19103F-16F7-4668-BE54-9A1E7A4F7556}") = "App.GroupChat.Api", "App.GroupChat\App.GroupChat.Api.csproj", "{155AE1B5-7300-47AA-B956-8EA2464D1065}"
EndProject
Project("{9A19103F-16F7-4668-BE54-9A1E7A4F7556}") = "App.GroupChat.Data", "App.GroupChat.Data\App.GroupChat.Data.csproj", "{8F5E2C4A-EC8B-400D-85EC-B3D20EA89B19}"
EndProject
Project("{2150E333-8FDC-42A3-9474-1A3956D46DE8}") = "App.GroupChat.Services", "App.GroupChat.Services", "{866FA2AB-E0D7-405D-BC2C-1F03B6DC6595}"
EndProject
Project("{9A19103F-16F7-4668-BE54-9A1E7A4F7556}") = "App.GroupChat.Services", "App.GroupChat.Services\App.GroupChat.Services.csproj", "{0BE3391D-9D5B-4D58-8F9C-753F71E5F4E2}"
EndProject
Project("{9A19103F-16F7-4668-BE54-9A1E7A4F7556}") = "App.GroupChat.DbEntities", "App.GroupChat.DbEntities\App.GroupChat.DbEntities.csproj", "{C27FF8A1-0CA1-45E8-803B-71AE19CD10EC}"
EndProject
Project("{9A19103F-16F7-4668-BE54-9A1E7A4F7556}") = "App.GroupData.Shared", "App.GroupData.Shared\App.GroupData.Shared.csproj", "{E487A70E-7940-4F29-8ECE-F59E740401A1}"
EndProject
Project("{2150E333-8FDC-42A3-9474-1A3956D46DE8}") = "App.GroupChat.Api", "App.GroupChat.Api", "{FDDCDBFB-0820-43AE-AC89-C57C7B61DDAB}"
EndProject
Project("{9A19103F-16F7-4668-BE54-9A1E7A4F7556}") = "App.GroupChat.Api.UnitTests", "App.GroupChat.Api.UnitTests\App.GroupChat.Api.UnitTests.csproj", "{E0714166-2793-4634-AD65-91387BD2D6DF}"
EndProject
Project("{9A19103F-16F7-4668-BE54-9A1E7A4F7556}") = "App.GroupChat.Services.UnitTests", "App.GroupChat.Services.UnitTests\App.GroupChat.Services.UnitTests.csproj", "{396FD389-9329-491D-B84D-2409AE0A636C}"
EndProject
Project("{9A19103F-16F7-4668-BE54-9A1E7A4F7556}") = "App.GroupChat.UnitTest.Common", "App.GroupChat.UnitTest.Common\App.GroupChat.UnitTest.Common.csproj", "{7E209C20-F28B-4700-A325-A7F77ED40831}"
EndProject
Global
	GlobalSection(SolutionConfigurationPlatforms) = preSolution
		Debug|Any CPU = Debug|Any CPU
		Release|Any CPU = Release|Any CPU
	EndGlobalSection
	GlobalSection(ProjectConfigurationPlatforms) = postSolution
		{155AE1B5-7300-47AA-B956-8EA2464D1065}.Debug|Any CPU.ActiveCfg = Debug|Any CPU
		{155AE1B5-7300-47AA-B956-8EA2464D1065}.Debug|Any CPU.Build.0 = Debug|Any CPU
		{155AE1B5-7300-47AA-B956-8EA2464D1065}.Release|Any CPU.ActiveCfg = Release|Any CPU
		{155AE1B5-7300-47AA-B956-8EA2464D1065}.Release|Any CPU.Build.0 = Release|Any CPU
		{8F5E2C4A-EC8B-400D-85EC-B3D20EA89B19}.Debug|Any CPU.ActiveCfg = Debug|Any CPU
		{8F5E2C4A-EC8B-400D-85EC-B3D20EA89B19}.Debug|Any CPU.Build.0 = Debug|Any CPU
		{8F5E2C4A-EC8B-400D-85EC-B3D20EA89B19}.Release|Any CPU.ActiveCfg = Release|Any CPU
		{8F5E2C4A-EC8B-400D-85EC-B3D20EA89B19}.Release|Any CPU.Build.0 = Release|Any CPU
		{0BE3391D-9D5B-4D58-8F9C-753F71E5F4E2}.Debug|Any CPU.ActiveCfg = Debug|Any CPU
		{0BE3391D-9D5B-4D58-8F9C-753F71E5F4E2}.Debug|Any CPU.Build.0 = Debug|Any CPU
		{0BE3391D-9D5B-4D58-8F9C-753F71E5F4E2}.Release|Any CPU.ActiveCfg = Release|Any CPU
		{0BE3391D-9D5B-4D58-8F9C-753F71E5F4E2}.Release|Any CPU.Build.0 = Release|Any CPU
		{C27FF8A1-0CA1-45E8-803B-71AE19CD10EC}.Debug|Any CPU.ActiveCfg = Debug|Any CPU
		{C27FF8A1-0CA1-45E8-803B-71AE19CD10EC}.Debug|Any CPU.Build.0 = Debug|Any CPU
		{C27FF8A1-0CA1-45E8-803B-71AE19CD10EC}.Release|Any CPU.ActiveCfg = Release|Any CPU
		{C27FF8A1-0CA1-45E8-803B-71AE19CD10EC}.Release|Any CPU.Build.0 = Release|Any CPU
		{E487A70E-7940-4F29-8ECE-F59E740401A1}.Debug|Any CPU.ActiveCfg = Debug|Any CPU
		{E487A70E-7940-4F29-8ECE-F59E740401A1}.Debug|Any CPU.Build.0 = Debug|Any CPU
		{E487A70E-7940-4F29-8ECE-F59E740401A1}.Release|Any CPU.ActiveCfg = Release|Any CPU
		{E487A70E-7940-4F29-8ECE-F59E740401A1}.Release|Any CPU.Build.0 = Release|Any CPU
		{E0714166-2793-4634-AD65-91387BD2D6DF}.Debug|Any CPU.ActiveCfg = Debug|Any CPU
		{E0714166-2793-4634-AD65-91387BD2D6DF}.Debug|Any CPU.Build.0 = Debug|Any CPU
		{E0714166-2793-4634-AD65-91387BD2D6DF}.Release|Any CPU.ActiveCfg = Release|Any CPU
		{E0714166-2793-4634-AD65-91387BD2D6DF}.Release|Any CPU.Build.0 = Release|Any CPU
		{396FD389-9329-491D-B84D-2409AE0A636C}.Debug|Any CPU.ActiveCfg = Debug|Any CPU
		{396FD389-9329-491D-B84D-2409AE0A636C}.Debug|Any CPU.Build.0 = Debug|Any CPU
		{396FD389-9329-491D-B84D-2409AE0A636C}.Release|Any CPU.ActiveCfg = Release|Any CPU
		{396FD389-9329-491D-B84D-2409AE0A636C}.Release|Any CPU.Build.0 = Release|Any CPU
		{7E209C20-F28B-4700-A325-A7F77ED40831}.Debug|Any CPU.ActiveCfg = Debug|Any CPU
		{7E209C20-F28B-4700-A325-A7F77ED40831}.Debug|Any CPU.Build.0 = Debug|Any CPU
		{7E209C20-F28B-4700-A325-A7F77ED40831}.Release|Any CPU.ActiveCfg = Release|Any CPU
		{7E209C20-F28B-4700-A325-A7F77ED40831}.Release|Any CPU.Build.0 = Release|Any CPU
	EndGlobalSection
	GlobalSection(SolutionProperties) = preSolution
		HideSolutionNode = FALSE
	EndGlobalSection
	GlobalSection(NestedProjects) = preSolution
		{155AE1B5-7300-47AA-B956-8EA2464D1065} = {FDDCDBFB-0820-43AE-AC89-C57C7B61DDAB}
		{0BE3391D-9D5B-4D58-8F9C-753F71E5F4E2} = {866FA2AB-E0D7-405D-BC2C-1F03B6DC6595}
		{E0714166-2793-4634-AD65-91387BD2D6DF} = {FDDCDBFB-0820-43AE-AC89-C57C7B61DDAB}
		{396FD389-9329-491D-B84D-2409AE0A636C} = {866FA2AB-E0D7-405D-BC2C-1F03B6DC6595}
	EndGlobalSection
	GlobalSection(ExtensibilityGlobals) = postSolution
		SolutionGuid = {2D19E949-787F-4E6E-969F-158CCCE3DD41}
	EndGlobalSection
EndGlobal
